# @generated - this file is auto-generated by `mise lock` https://mise.en.dev/dev-tools/mise-lock.html

[[tools.github-cli]]
version = "2.91.0"
backend = "aqua:cli/cli"

[tools.github-cli."platforms.linux-arm64"]
checksum = "sha256:ccbed39c472d3dc1c501d1e164a9cffd934c5f6fce1012811a1a59d24cb7d7c6"
url = "https://github.com/cli/cli/releases/download/v2.91.0/gh_2.91.0_linux_arm64.tar.gz"
provenance = "github-attestations"

[tools.github-cli."platforms.linux-arm64-musl"]
checksum = "sha256:ccbed39c472d3dc1c501d1e164a9cffd934c5f6fce1012811a1a59d24cb7d7c6"
url = "https://github.com/cli/cli/releases/download/v2.91.0/gh_2.91.0_linux_arm64.tar.gz"
provenance = "github-attestations"

[tools.github-cli."platforms.linux-x64"]
checksum = "sha256:304a0d2460f4a8847d2f192bad4e2a32cd9420d28716e7ae32198181b65b5f9c"
url = "https://github.com/cli/cli/releases/download/v2.91.0/gh_2.91.0_linux_amd64.tar.gz"
provenance = "github-attestations"

[tools.github-cli."platforms.linux-x64-baseline"]
checksum = "sha256:304a0d2460f4a8847d2f192bad4e2a32cd9420d28716e7ae32198181b65b5f9c"
url = "https://github.com/cli/cli/releases/download/v2.91.0/gh_2.91.0_linux_amd64.tar.gz"
provenance = "github-attestations"

[tools.github-cli."platforms.linux-x64-musl"]
checksum = "sha256:304a0d2460f4a8847d2f192bad4e2a32cd9420d28716e7ae32198181b65b5f9c"
url = "https://github.com/cli/cli/releases/download/v2.91.0/gh_2.91.0_linux_amd64.tar.gz"
provenance = "github-attestations"

[tools.github-cli."platforms.linux-x64-musl-baseline"]
checksum = "sha256:304a0d2460f4a8847d2f192bad4e2a32cd9420d28716e7ae32198181b65b5f9c"
url = "https://github.com/cli/cli/releases/download/v2.91.0/gh_2.91.0_linux_amd64.tar.gz"
provenance = "github-attestations"

[tools.github-cli."platforms.macos-arm64"]
checksum = "sha256:20446cd714d9fa1b69fbd410deade3731f38fe09a2b980c8488aa388dd320ada"
url = "https://github.com/cli/cli/releases/download/v2.91.0/gh_2.91.0_macOS_arm64.zip"
provenance = "github-attestations"

[tools.github-cli."platforms.macos-x64"]
checksum = "sha256:8806784f93603fe6d3f95c3583a08df38f175df9ebc123dc8b15f919329980e2"
url = "https://github.com/cli/cli/releases/download/v2.91.0/gh_2.91.0_macOS_amd64.zip"
provenance = "github-attestations"

[tools.github-cli."platforms.macos-x64-baseline"]
checksum = "sha256:8806784f93603fe6d3f95c3583a08df38f175df9ebc123dc8b15f919329980e2"
url = "https://github.com/cli/cli/releases/download/v2.91.0/gh_2.91.0_macOS_amd64.zip"
provenance = "github-attestations"

[tools.github-cli."platforms.windows-x64"]
checksum = "sha256:ced3e6f4bb5a9865056b594b7ad0cf42137dc92c494346f1ca705b5dbf14c88e"
url = "https://github.com/cli/cli/releases/download/v2.91.0/gh_2.91.0_windows_amd64.zip"
provenance = "github-attestations"

[tools.github-cli."platforms.windows-x64-baseline"]
checksum = "sha256:ced3e6f4bb5a9865056b594b7ad0cf42137dc92c494346f1ca705b5dbf14c88e"
url = "https://github.com/cli/cli/releases/download/v2.91.0/gh_2.91.0_windows_amd64.zip"
provenance = "github-attestations"

[[tools."github:clockworklabs/SpacetimeDB"]]
version = "2.6.0"
backend = "github:clockworklabs/SpacetimeDB"

[tools."github:clockworklabs/SpacetimeDB"."platforms.linux-arm64"]
checksum = "sha256:e89f77e4421bbec5f38488a2b948e49cfda1b97e3af55dad91850724880beaa7"
url = "https://github.com/clockworklabs/SpacetimeDB/releases/download/v2.6.0/spacetime-aarch64-unknown-linux-gnu.tar.gz"
url_api = "https://api.github.com/repos/clockworklabs/SpacetimeDB/releases/assets/449343440"

[tools."github:clockworklabs/SpacetimeDB"."platforms.linux-arm64-musl"]
checksum = "sha256:e89f77e4421bbec5f38488a2b948e49cfda1b97e3af55dad91850724880beaa7"
url = "https://github.com/clockworklabs/SpacetimeDB/releases/download/v2.6.0/spacetime-aarch64-unknown-linux-gnu.tar.gz"
url_api = "https://api.github.com/repos/clockworklabs/SpacetimeDB/releases/assets/449343440"

[tools."github:clockworklabs/SpacetimeDB"."platforms.linux-x64"]
checksum = "sha256:24f5c011a1c5b14e9458f230f67f4700f2c89ce1d26bfee35c1f4d3570dc1ac8"
url = "https://github.com/clockworklabs/SpacetimeDB/releases/download/v2.6.0/spacetime-x86_64-unknown-linux-gnu.tar.gz"
url_api = "https://api.github.com/repos/clockworklabs/SpacetimeDB/releases/assets/449343470"

[tools."github:clockworklabs/SpacetimeDB"."platforms.linux-x64-baseline"]
checksum = "sha256:24f5c011a1c5b14e9458f230f67f4700f2c89ce1d26bfee35c1f4d3570dc1ac8"
url = "https://github.com/clockworklabs/SpacetimeDB/releases/download/v2.6.0/spacetime-x86_64-unknown-linux-gnu.tar.gz"
url_api = "https://api.github.com/repos/clockworklabs/SpacetimeDB/releases/assets/449343470"

[tools."github:clockworklabs/SpacetimeDB"."platforms.linux-x64-musl"]
checksum = "sha256:24f5c011a1c5b14e9458f230f67f4700f2c89ce1d26bfee35c1f4d3570dc1ac8"
url = "https://github.com/clockworklabs/SpacetimeDB/releases/download/v2.6.0/spacetime-x86_64-unknown-linux-gnu.tar.gz"
url_api = "https://api.github.com/repos/clockworklabs/SpacetimeDB/releases/assets/449343470"

[tools."github:clockworklabs/SpacetimeDB"."platforms.linux-x64-musl-baseline"]
checksum = "sha256:24f5c011a1c5b14e9458f230f67f4700f2c89ce1d26bfee35c1f4d3570dc1ac8"
url = "https://github.com/clockworklabs/SpacetimeDB/releases/download/v2.6.0/spacetime-x86_64-unknown-linux-gnu.tar.gz"
url_api = "https://api.github.com/repos/clockworklabs/SpacetimeDB/releases/assets/449343470"

[tools."github:clockworklabs/SpacetimeDB"."platforms.macos-arm64"]
checksum = "sha256:1a411102603443704acf2f005f34d34c88d7dc55351f2e7a6f41c63c39e868a4"
url = "https://github.com/clockworklabs/SpacetimeDB/releases/download/v2.6.0/spacetime-aarch64-apple-darwin.tar.gz"
url_api = "https://api.github.com/repos/clockworklabs/SpacetimeDB/releases/assets/449343441"

[tools."github:clockworklabs/SpacetimeDB"."platforms.macos-x64"]
checksum = "sha256:fe25fae71c67fdc33c05a85cdd33764bd70969c3d2cb7c582bb20cbf93e05935"
url = "https://github.com/clockworklabs/SpacetimeDB/releases/download/v2.6.0/spacetime-x86_64-apple-darwin.tar.gz"
url_api = "https://api.github.com/repos/clockworklabs/SpacetimeDB/releases/assets/449343458"

[tools."github:clockworklabs/SpacetimeDB"."platforms.macos-x64-baseline"]
checksum = "sha256:fe25fae71c67fdc33c05a85cdd33764bd70969c3d2cb7c582bb20cbf93e05935"
url = "https://github.com/clockworklabs/SpacetimeDB/releases/download/v2.6.0/spacetime-x86_64-apple-darwin.tar.gz"
url_api = "https://api.github.com/repos/clockworklabs/SpacetimeDB/releases/assets/449343458"

[tools."github:clockworklabs/SpacetimeDB"."platforms.windows-x64"]
checksum = "sha256:e0b32057960e1584ced376387de6f200147e315d901961e10664492c660b41bc"
url = "https://github.com/clockworklabs/SpacetimeDB/releases/download/v2.6.0/spacetime-x86_64-pc-windows-msvc.zip"
url_api = "https://api.github.com/repos/clockworklabs/SpacetimeDB/releases/assets/449343462"

[tools."github:clockworklabs/SpacetimeDB"."platforms.windows-x64-baseline"]
checksum = "sha256:e0b32057960e1584ced376387de6f200147e315d901961e10664492c660b41bc"
url = "https://github.com/clockworklabs/SpacetimeDB/releases/download/v2.6.0/spacetime-x86_64-pc-windows-msvc.zip"
url_api = "https://api.github.com/repos/clockworklabs/SpacetimeDB/releases/assets/449343462"

[[tools."github:max-sixty/worktrunk"]]
version = "0.61.0"
backend = "github:max-sixty/worktrunk"

[tools."github:max-sixty/worktrunk"."platforms.linux-arm64"]
checksum = "sha256:851c3d6767580b46428e3f6f3447a689ff3bb1dea0fa3c43f5df4b6e0168b04d"
url = "https://github.com/max-sixty/worktrunk/releases/download/v0.61.0/worktrunk-aarch64-unknown-linux-musl.tar.xz"
url_api = "https://api.github.com/repos/max-sixty/worktrunk/releases/assets/453988228"

[tools."github:max-sixty/worktrunk"."platforms.linux-arm64-musl"]
checksum = "sha256:851c3d6767580b46428e3f6f3447a689ff3bb1dea0fa3c43f5df4b6e0168b04d"
url = "https://github.com/max-sixty/worktrunk/releases/download/v0.61.0/worktrunk-aarch64-unknown-linux-musl.tar.xz"
url_api = "https://api.github.com/repos/max-sixty/worktrunk/releases/assets/453988228"

[tools."github:max-sixty/worktrunk"."platforms.linux-x64"]
checksum = "sha256:95843c2c8cc5c46c1d06e73db7499d77e8224b2a784348b80bb0eb2edd50ec00"
url = "https://github.com/max-sixty/worktrunk/releases/download/v0.61.0/worktrunk-x86_64-unknown-linux-musl.tar.xz"
url_api = "https://api.github.com/repos/max-sixty/worktrunk/releases/assets/453988239"

[tools."github:max-sixty/worktrunk"."platforms.linux-x64-baseline"]
checksum = "sha256:95843c2c8cc5c46c1d06e73db7499d77e8224b2a784348b80bb0eb2edd50ec00"
url = "https://github.com/max-sixty/worktrunk/releases/download/v0.61.0/worktrunk-x86_64-unknown-linux-musl.tar.xz"
url_api = "https://api.github.com/repos/max-sixty/worktrunk/releases/assets/453988239"

[tools."github:max-sixty/worktrunk"."platforms.linux-x64-musl"]
checksum = "sha256:95843c2c8cc5c46c1d06e73db7499d77e8224b2a784348b80bb0eb2edd50ec00"
url = "https://github.com/max-sixty/worktrunk/releases/download/v0.61.0/worktrunk-x86_64-unknown-linux-musl.tar.xz"
url_api = "https://api.github.com/repos/max-sixty/worktrunk/releases/assets/453988239"

[tools."github:max-sixty/worktrunk"."platforms.linux-x64-musl-baseline"]
checksum = "sha256:95843c2c8cc5c46c1d06e73db7499d77e8224b2a784348b80bb0eb2edd50ec00"
url = "https://github.com/max-sixty/worktrunk/releases/download/v0.61.0/worktrunk-x86_64-unknown-linux-musl.tar.xz"
url_api = "https://api.github.com/repos/max-sixty/worktrunk/releases/assets/453988239"

[tools."github:max-sixty/worktrunk"."platforms.macos-arm64"]
checksum = "sha256:adc53a7ebdf89220f7988c0871382cb948115cd89cd6ea2f98d7710069cadde9"
url = "https://github.com/max-sixty/worktrunk/releases/download/v0.61.0/worktrunk-aarch64-apple-darwin.tar.xz"
url_api = "https://api.github.com/repos/max-sixty/worktrunk/releases/assets/453988227"

[tools."github:max-sixty/worktrunk"."platforms.macos-x64"]
checksum = "sha256:8773e0938e61d5de254605134526f01dd593498acb8602f042eeb65679d8b40a"
url = "https://github.com/max-sixty/worktrunk/releases/download/v0.61.0/worktrunk-x86_64-apple-darwin.tar.xz"
url_api = "https://api.github.com/repos/max-sixty/worktrunk/releases/assets/453988233"

[tools."github:max-sixty/worktrunk"."platforms.macos-x64-baseline"]
checksum = "sha256:8773e0938e61d5de254605134526f01dd593498acb8602f042eeb65679d8b40a"
url = "https://github.com/max-sixty/worktrunk/releases/download/v0.61.0/worktrunk-x86_64-apple-darwin.tar.xz"
url_api = "https://api.github.com/repos/max-sixty/worktrunk/releases/assets/453988233"

[tools."github:max-sixty/worktrunk"."platforms.windows-x64"]
checksum = "sha256:dfd658266e4b6a804546c42b0df87aa18a2f6cfafa7ae7297c3ba6c264c1adb8"
url = "https://github.com/max-sixty/worktrunk/releases/download/v0.61.0/worktrunk-x86_64-pc-windows-msvc.zip"
url_api = "https://api.github.com/repos/max-sixty/worktrunk/releases/assets/453988235"

[tools."github:max-sixty/worktrunk"."platforms.windows-x64-baseline"]
checksum = "sha256:dfd658266e4b6a804546c42b0df87aa18a2f6cfafa7ae7297c3ba6c264c1adb8"
url = "https://github.com/max-sixty/worktrunk/releases/download/v0.61.0/worktrunk-x86_64-pc-windows-msvc.zip"
url_api = "https://api.github.com/repos/max-sixty/worktrunk/releases/assets/453988235"

[[tools."github:trunk-rs/trunk"]]
version = "0.21.14"
backend = "github:trunk-rs/trunk"

[tools."github:trunk-rs/trunk"."platforms.linux-arm64"]
checksum = "sha256:b1d8e60e454f7fc182d9a4d95d1506ffbae947d8ba90f8f6f02da93b60f980f9"
url = "https://github.com/trunk-rs/trunk/releases/download/v0.21.14/trunk-aarch64-unknown-linux-gnu.tar.gz"
url_api = "https://api.github.com/repos/trunk-rs/trunk/releases/assets/252890618"

[tools."github:trunk-rs/trunk"."platforms.linux-arm64-musl"]
checksum = "sha256:e8e2a2bb423ce6702ab9f4f02f8c9ae99d790f0301f7634e986b2dd8706019cc"
url = "https://github.com/trunk-rs/trunk/releases/download/v0.21.14/trunk-aarch64-unknown-linux-musl.tar.gz"
url_api = "https://api.github.com/repos/trunk-rs/trunk/releases/assets/252890619"

[tools."github:trunk-rs/trunk"."platforms.linux-x64"]
checksum = "sha256:f2b4680cd239693a646a2795e4633c625328d7b2a044fbe749fa3a2fe9e7036b"
url = "https://github.com/trunk-rs/trunk/releases/download/v0.21.14/trunk-x86_64-unknown-linux-gnu.tar.gz"
url_api = "https://api.github.com/repos/trunk-rs/trunk/releases/assets/252890635"

[tools."github:trunk-rs/trunk"."platforms.linux-x64-baseline"]
checksum = "sha256:f2b4680cd239693a646a2795e4633c625328d7b2a044fbe749fa3a2fe9e7036b"
url = "https://github.com/trunk-rs/trunk/releases/download/v0.21.14/trunk-x86_64-unknown-linux-gnu.tar.gz"
url_api = "https://api.github.com/repos/trunk-rs/trunk/releases/assets/252890635"

[tools."github:trunk-rs/trunk"."platforms.linux-x64-musl"]
checksum = "sha256:a67f4054b249fe9acc5fabc25de1aebf19783aca3ad6ff64bf34d7da44d0ea20"
url = "https://github.com/trunk-rs/trunk/releases/download/v0.21.14/trunk-x86_64-unknown-linux-musl.tar.gz"
url_api = "https://api.github.com/repos/trunk-rs/trunk/releases/assets/252890638"

[tools."github:trunk-rs/trunk"."platforms.linux-x64-musl-baseline"]
checksum = "sha256:a67f4054b249fe9acc5fabc25de1aebf19783aca3ad6ff64bf34d7da44d0ea20"
url = "https://github.com/trunk-rs/trunk/releases/download/v0.21.14/trunk-x86_64-unknown-linux-musl.tar.gz"
url_api = "https://api.github.com/repos/trunk-rs/trunk/releases/assets/252890638"

[tools."github:trunk-rs/trunk"."platforms.macos-arm64"]
checksum = "sha256:764e299dd50d89442a4e96a236349f57961984b701e74d3dbdb39cd1c9f5101e"
url = "https://github.com/trunk-rs/trunk/releases/download/v0.21.14/trunk-aarch64-apple-darwin.tar.gz"
url_api = "https://api.github.com/repos/trunk-rs/trunk/releases/assets/252890616"

[tools."github:trunk-rs/trunk"."platforms.macos-x64"]
checksum = "sha256:f1ba0e3bbe24e0ae219c6d22c33e24e2825c1608dd27c2556e323495110f1a95"
url = "https://github.com/trunk-rs/trunk/releases/download/v0.21.14/trunk-x86_64-apple-darwin.tar.gz"
url_api = "https://api.github.com/repos/trunk-rs/trunk/releases/assets/252890623"

[tools."github:trunk-rs/trunk"."platforms.macos-x64-baseline"]
checksum = "sha256:f1ba0e3bbe24e0ae219c6d22c33e24e2825c1608dd27c2556e323495110f1a95"
url = "https://github.com/trunk-rs/trunk/releases/download/v0.21.14/trunk-x86_64-apple-darwin.tar.gz"
url_api = "https://api.github.com/repos/trunk-rs/trunk/releases/assets/252890623"

[tools."github:trunk-rs/trunk"."platforms.windows-x64"]
checksum = "sha256:cd6ac15b9daff0365e5695036791ef2ce3c63f61c014f5a8c532363266e4569c"
url = "https://github.com/trunk-rs/trunk/releases/download/v0.21.14/trunk-x86_64-pc-windows-msvc.zip"
url_api = "https://api.github.com/repos/trunk-rs/trunk/releases/assets/252890632"

[tools."github:trunk-rs/trunk"."platforms.windows-x64-baseline"]
checksum = "sha256:cd6ac15b9daff0365e5695036791ef2ce3c63f61c014f5a8c532363266e4569c"
url = "https://github.com/trunk-rs/trunk/releases/download/v0.21.14/trunk-x86_64-pc-windows-msvc.zip"
url_api = "https://api.github.com/repos/trunk-rs/trunk/releases/assets/252890632"

[[tools.just]]
version = "1.48.1"
backend = "aqua:casey/just"

[tools.just."platforms.linux-arm64"]
checksum = "sha256:3308721b991cf88cf2b9bbb3b31ac40550ec61a0c9b6fc011564e25e87964030"
url = "https://github.com/casey/just/releases/download/1.48.1/just-1.48.1-aarch64-unknown-linux-musl.tar.gz"

[tools.just."platforms.linux-arm64-musl"]
checksum = "sha256:3308721b991cf88cf2b9bbb3b31ac40550ec61a0c9b6fc011564e25e87964030"
url = "https://github.com/casey/just/releases/download/1.48.1/just-1.48.1-aarch64-unknown-linux-musl.tar.gz"

[tools.just."platforms.linux-x64"]
checksum = "sha256:9293e553ce401d1b524bf4e104918f72f268e3f9c6827e0055fe98d84a1b2522"
url = "https://github.com/casey/just/releases/download/1.48.1/just-1.48.1-x86_64-unknown-linux-musl.tar.gz"

[tools.just."platforms.linux-x64-baseline"]
checksum = "sha256:9293e553ce401d1b524bf4e104918f72f268e3f9c6827e0055fe98d84a1b2522"
url = "https://github.com/casey/just/releases/download/1.48.1/just-1.48.1-x86_64-unknown-linux-musl.tar.gz"

[tools.just."platforms.linux-x64-musl"]
checksum = "sha256:9293e553ce401d1b524bf4e104918f72f268e3f9c6827e0055fe98d84a1b2522"
url = "https://github.com/casey/just/releases/download/1.48.1/just-1.48.1-x86_64-unknown-linux-musl.tar.gz"

[tools.just."platforms.linux-x64-musl-baseline"]
checksum = "sha256:9293e553ce401d1b524bf4e104918f72f268e3f9c6827e0055fe98d84a1b2522"
url = "https://github.com/casey/just/releases/download/1.48.1/just-1.48.1-x86_64-unknown-linux-musl.tar.gz"

[tools.just."platforms.macos-arm64"]
checksum = "sha256:03a73339ff55bcf7411a3c940cdcb0a726d98134b87203c83a9008575434e2a8"
url = "https://github.com/casey/just/releases/download/1.48.1/just-1.48.1-aarch64-apple-darwin.tar.gz"

[tools.just."platforms.macos-x64"]
checksum = "sha256:4c3e9c880b8fc93d7fc24abfde3c36b0cc59f6e9f8b31f7175095700f64125a7"
url = "https://github.com/casey/just/releases/download/1.48.1/just-1.48.1-x86_64-apple-darwin.tar.gz"

[tools.just."platforms.macos-x64-baseline"]
checksum = "sha256:4c3e9c880b8fc93d7fc24abfde3c36b0cc59f6e9f8b31f7175095700f64125a7"
url = "https://github.com/casey/just/releases/download/1.48.1/just-1.48.1-x86_64-apple-darwin.tar.gz"

[tools.just."platforms.windows-x64"]
checksum = "sha256:368cd9ca827cba04d9e6fc00f7ad840773c4605b6f64b9f87bdb00325d351029"
url = "https://github.com/casey/just/releases/download/1.48.1/just-1.48.1-x86_64-pc-windows-msvc.zip"

[tools.just."platforms.windows-x64-baseline"]
checksum = "sha256:368cd9ca827cba04d9e6fc00f7ad840773c4605b6f64b9f87bdb00325d351029"
url = "https://github.com/casey/just/releases/download/1.48.1/just-1.48.1-x86_64-pc-windows-msvc.zip"
